
Microsoft Visual Studio Solution File, Format Version 12.00
# Visual Studio Version 16
VisualStudioVersion = 16.0.30907.101
MinimumVisualStudioVersion = 10.0.40219.1
Project("{FAE04EC0-301F-11D3-BF4B-00C04F79EFBC}") = "Day3", "Day3\Day3.csproj", "{371256F6-4CDD-4428-862E-04E1556F2F36}"
EndProject
Global
	GlobalSection(SolutionConfigurationPlatforms) = preSolution
		Debug|Any CPU = Debug|Any CPU
		Release|Any CPU = Release|Any CPU
	EndGlobalSection
	GlobalSection(ProjectConfigurationPlatforms) = postSolution
		{371256F6-4CDD-4428-862E-04E1556F2F36}.Debug|Any CPU.ActiveCfg = Debug|Any CPU
		{371256F6-4CDD-4428-862E-04E1556F2F36}.Debug|Any CPU.Build.0 = Debug|Any CPU
		{371256F6-4CDD-4428-862E-04E1556F2F36}.Release|Any CPU.ActiveCfg = Release|Any CPU
		{371256F6-4CDD-4428-862E-04E1556F2F36}.Release|Any CPU.Build.0 = Release|Any CPU
	EndGlobalSection
	GlobalSection(SolutionProperties) = preSolution
		HideSolutionNode = FALSE
	EndGlobalSection
	GlobalSection(ExtensibilityGlobals) = postSolution
		SolutionGuid = {C2E46EE3-D96A-4122-BC8B-1E54461FD292}
	EndGlobalSection
EndGlobal
